
Microsoft Visual Studio Solution File, Format Version 12.00
# Visual Studio Version 17
VisualStudioVersion = 17.5.002.0
MinimumVisualStudioVersion = 10.0.40219.1
Project("{9A19103F-16F7-4668-BE54-9A1E7A4F7556}") = "Task4", "Task4.csproj", "{8763BF57-5221-450D-9D75-E52A0D59A4A6}"
EndProject
Global
	GlobalSection(SolutionConfigurationPlatforms) = preSolution
		Debug|Any CPU = Debug|Any CPU
		Release|Any CPU = Release|Any CPU
	EndGlobalSection
	GlobalSection(ProjectConfigurationPlatforms) = postSolution
		{8763BF57-5221-450D-9D75-E52A0D59A4A6}.Debug|Any CPU.ActiveCfg = Debug|Any CPU
		{8763BF57-5221-450D-9D75-E52A0D59A4A6}.Debug|Any CPU.Build.0 = Debug|Any CPU
		{8763BF57-5221-450D-9D75-E52A0D59A4A6}.Release|Any CPU.ActiveCfg = Release|Any CPU
		{8763BF57-5221-450D-9D75-E52A0D59A4A6}.Release|Any CPU.Build.0 = Release|Any CPU
	EndGlobalSection
	GlobalSection(SolutionProperties) = preSolution
		HideSolutionNode = FALSE
	EndGlobalSection
	GlobalSection(ExtensibilityGlobals) = postSolution
		SolutionGuid = {778F0B5D-B4C1-49A4-9511-B11BB1F3CB31}
	EndGlobalSection
EndGlobal
