
Microsoft Visual Studio Solution File, Format Version 12.00
# Visual Studio Version 17
VisualStudioVersion = 17.5.002.0
MinimumVisualStudioVersion = 10.0.40219.1
Project("{9A19103F-16F7-4668-BE54-9A1E7A4F7556}") = "TAsk6", "TAsk6.csproj", "{8505D3B3-7D29-4BF7-9164-7BF9455B921F}"
EndProject
Global
	GlobalSection(SolutionConfigurationPlatforms) = preSolution
		Debug|Any CPU = Debug|Any CPU
		Release|Any CPU = Release|Any CPU
	EndGlobalSection
	GlobalSection(ProjectConfigurationPlatforms) = postSolution
		{8505D3B3-7D29-4BF7-9164-7BF9455B921F}.Debug|Any CPU.ActiveCfg = Debug|Any CPU
		{8505D3B3-7D29-4BF7-9164-7BF9455B921F}.Debug|Any CPU.Build.0 = Debug|Any CPU
		{8505D3B3-7D29-4BF7-9164-7BF9455B921F}.Release|Any CPU.ActiveCfg = Release|Any CPU
		{8505D3B3-7D29-4BF7-9164-7BF9455B921F}.Release|Any CPU.Build.0 = Release|Any CPU
	EndGlobalSection
	GlobalSection(SolutionProperties) = preSolution
		HideSolutionNode = FALSE
	EndGlobalSection
	GlobalSection(ExtensibilityGlobals) = postSolution
		SolutionGuid = {1123A6C3-7072-4A23-9144-5893A13144AE}
	EndGlobalSection
EndGlobal
