
Microsoft Visual Studio Solution File, Format Version 12.00
# Visual Studio Version 17
VisualStudioVersion = 17.5.002.0
MinimumVisualStudioVersion = 10.0.40219.1
Project("{9A19103F-16F7-4668-BE54-9A1E7A4F7556}") = "TAsk5", "TAsk5.csproj", "{CFFD5093-3E3D-455D-8B7C-3E0FDEA6DB75}"
EndProject
Global
	GlobalSection(SolutionConfigurationPlatforms) = preSolution
		Debug|Any CPU = Debug|Any CPU
		Release|Any CPU = Release|Any CPU
	EndGlobalSection
	GlobalSection(ProjectConfigurationPlatforms) = postSolution
		{CFFD5093-3E3D-455D-8B7C-3E0FDEA6DB75}.Debug|Any CPU.ActiveCfg = Debug|Any CPU
		{CFFD5093-3E3D-455D-8B7C-3E0FDEA6DB75}.Debug|Any CPU.Build.0 = Debug|Any CPU
		{CFFD5093-3E3D-455D-8B7C-3E0FDEA6DB75}.Release|Any CPU.ActiveCfg = Release|Any CPU
		{CFFD5093-3E3D-455D-8B7C-3E0FDEA6DB75}.Release|Any CPU.Build.0 = Release|Any CPU
	EndGlobalSection
	GlobalSection(SolutionProperties) = preSolution
		HideSolutionNode = FALSE
	EndGlobalSection
	GlobalSection(ExtensibilityGlobals) = postSolution
		SolutionGuid = {40DE7A57-B389-4F3E-9354-59C879B4163F}
	EndGlobalSection
EndGlobal
